{
  "name": "my_page_new",
  "lockfileVersion": 2,
  "requires": true,
  "packages": {
    "": {
      "dependencies": {
        "typed.js": "^2.0.16",
        "vue-typed-js": "^0.1.2"
      }
    },
    "node_modules/typed.js": {
      "version": "2.0.16",
      "resolved": "git+ssh://git@github.com/mattboldt/typed.js.git#cd02e533c772e35ad60ee48656b33e610eadaca7",
      "license": "MIT"
    },
    "node_modules/vue-typed-js": {
      "version": "0.1.2",
      "resolved": "https://registry.npmjs.org/vue-typed-js/-/vue-typed-js-0.1.2.tgz",
      "integrity": "sha512-9kDGuz17uYJghe/1hepRWiWYssgUFtrKnMGPHlWjVRxdvs/d9xYYWMkgzztjhx1R1B33hXkN8ctmkzCYHQ+caA==",
      "dependencies": {
        "typed.js": "git+https://github.com/mattboldt/typed.js.git"
      }
    }
  },
  "dependencies": {
    "typed.js": {
      "version": "git+ssh://git@github.com/mattboldt/typed.js.git#cd02e533c772e35ad60ee48656b33e610eadaca7",
      "from": "typed.js@^2.0.16"
    },
    "vue-typed-js": {
      "version": "0.1.2",
      "resolved": "https://registry.npmjs.org/vue-typed-js/-/vue-typed-js-0.1.2.tgz",
      "integrity": "sha512-9kDGuz17uYJghe/1hepRWiWYssgUFtrKnMGPHlWjVRxdvs/d9xYYWMkgzztjhx1R1B33hXkN8ctmkzCYHQ+caA==",
      "requires": {
        "typed.js": "git+https://github.com/mattboldt/typed.js.git"
      }
    }
  }
}
